
Microsoft Visual Studio Solution File, Format Version 12.00
# Visual Studio 15
VisualStudioVersion = 15.0.27130.2027
MinimumVisualStudioVersion = 10.0.40219.1
Project("{FAE04EC0-301F-11D3-BF4B-00C04F79EFBC}") = "Data Structures HW 10_15_18", "Data Structures HW 10_15_18\Data Structures HW 10_15_18.csproj", "{943ED708-E37C-46CE-A66A-1BC27E7340DA}"
EndProject
Global
	GlobalSection(SolutionConfigurationPlatforms) = preSolution
		Debug|Any CPU = Debug|Any CPU
		Release|Any CPU = Release|Any CPU
	EndGlobalSection
	GlobalSection(ProjectConfigurationPlatforms) = postSolution
		{943ED708-E37C-46CE-A66A-1BC27E7340DA}.Debug|Any CPU.ActiveCfg = Debug|Any CPU
		{943ED708-E37C-46CE-A66A-1BC27E7340DA}.Debug|Any CPU.Build.0 = Debug|Any CPU
		{943ED708-E37C-46CE-A66A-1BC27E7340DA}.Release|Any CPU.ActiveCfg = Release|Any CPU
		{943ED708-E37C-46CE-A66A-1BC27E7340DA}.Release|Any CPU.Build.0 = Release|Any CPU
	EndGlobalSection
	GlobalSection(SolutionProperties) = preSolution
		HideSolutionNode = FALSE
	EndGlobalSection
	GlobalSection(ExtensibilityGlobals) = postSolution
		SolutionGuid = {3B8C7058-DA4A-4213-BCEB-838F4F5C1CF3}
	EndGlobalSection
EndGlobal
